
Microsoft Visual Studio Solution File, Format Version 12.00
# Visual Studio Version 16
VisualStudioVersion = 16.0.30717.126
MinimumVisualStudioVersion = 10.0.40219.1
Project("{9A19103F-16F7-4668-BE54-9A1E7A4F7556}") = "ConsoleParsingToFBDatabase", "ConsoleParsingToFBDatabase\ConsoleParsingToFBDatabase.csproj", "{225073D5-A2C0-4D0E-B568-F0559DB3DBEF}"
EndProject
Project("{9A19103F-16F7-4668-BE54-9A1E7A4F7556}") = "CableDataParsing", "CableDataParsing\CableDataParsing.csproj", "{787D1842-EE87-4F51-AAC3-FE4989B7E522}"
EndProject
Project("{FAE04EC0-301F-11D3-BF4B-00C04F79EFBC}") = "WordTableToFBParsing", "WordTableToFBParsing\WordTableToFBParsing.csproj", "{08108880-0F85-4AD7-8BF8-4825A5AB7368}"
EndProject
Project("{FAE04EC0-301F-11D3-BF4B-00C04F79EFBC}") = "CableParsingTests", "CableParsingTests\CableParsingTests.csproj", "{5171C3E9-3895-4C7E-A208-FAAE582F11E5}"
EndProject
Global
	GlobalSection(SolutionConfigurationPlatforms) = preSolution
		Debug|Any CPU = Debug|Any CPU
		Release|Any CPU = Release|Any CPU
	EndGlobalSection
	GlobalSection(ProjectConfigurationPlatforms) = postSolution
		{225073D5-A2C0-4D0E-B568-F0559DB3DBEF}.Debug|Any CPU.ActiveCfg = Debug|Any CPU
		{225073D5-A2C0-4D0E-B568-F0559DB3DBEF}.Debug|Any CPU.Build.0 = Debug|Any CPU
		{225073D5-A2C0-4D0E-B568-F0559DB3DBEF}.Release|Any CPU.ActiveCfg = Release|Any CPU
		{225073D5-A2C0-4D0E-B568-F0559DB3DBEF}.Release|Any CPU.Build.0 = Release|Any CPU
		{787D1842-EE87-4F51-AAC3-FE4989B7E522}.Debug|Any CPU.ActiveCfg = Debug|Any CPU
		{787D1842-EE87-4F51-AAC3-FE4989B7E522}.Debug|Any CPU.Build.0 = Debug|Any CPU
		{787D1842-EE87-4F51-AAC3-FE4989B7E522}.Release|Any CPU.ActiveCfg = Release|Any CPU
		{787D1842-EE87-4F51-AAC3-FE4989B7E522}.Release|Any CPU.Build.0 = Release|Any CPU
		{08108880-0F85-4AD7-8BF8-4825A5AB7368}.Debug|Any CPU.ActiveCfg = Debug|Any CPU
		{08108880-0F85-4AD7-8BF8-4825A5AB7368}.Debug|Any CPU.Build.0 = Debug|Any CPU
		{08108880-0F85-4AD7-8BF8-4825A5AB7368}.Release|Any CPU.ActiveCfg = Release|Any CPU
		{08108880-0F85-4AD7-8BF8-4825A5AB7368}.Release|Any CPU.Build.0 = Release|Any CPU
		{5171C3E9-3895-4C7E-A208-FAAE582F11E5}.Debug|Any CPU.ActiveCfg = Debug|Any CPU
		{5171C3E9-3895-4C7E-A208-FAAE582F11E5}.Debug|Any CPU.Build.0 = Debug|Any CPU
		{5171C3E9-3895-4C7E-A208-FAAE582F11E5}.Release|Any CPU.ActiveCfg = Release|Any CPU
		{5171C3E9-3895-4C7E-A208-FAAE582F11E5}.Release|Any CPU.Build.0 = Release|Any CPU
	EndGlobalSection
	GlobalSection(SolutionProperties) = preSolution
		HideSolutionNode = FALSE
	EndGlobalSection
	GlobalSection(ExtensibilityGlobals) = postSolution
		SolutionGuid = {B01F1232-24B1-4D24-8B2B-AEDFD86B1CB3}
	EndGlobalSection
EndGlobal
